
Microsoft Visual Studio Solution File, Format Version 12.00
# Visual Studio Version 17
VisualStudioVersion = 17.0.31903.59
MinimumVisualStudioVersion = 10.0.40219.1
Project("{2150E333-8FDC-42A3-9474-1A3956D46DE8}") = "01_TypeAliases", "01_TypeAliases", "{8D98D265-A799-4A98-A8F7-80B69D26D544}"
EndProject
Project("{2150E333-8FDC-42A3-9474-1A3956D46DE8}") = "02_Lambdas", "02_Lambdas", "{9B874DC3-3E30-45C0-BDA7-A9350F20831B}"
EndProject
Project("{2150E333-8FDC-42A3-9474-1A3956D46DE8}") = "03_PrimaryConstructors", "03_PrimaryConstructors", "{30171EB7-0A25-4235-A8F1-251673A87581}"
EndProject
Project("{FAE04EC0-301F-11D3-BF4B-00C04F79EFBC}") = "TypeAliases.ConsoleApp", "TypeAliases.ConsoleApp\TypeAliases.ConsoleApp.csproj", "{BF323D46-036B-4653-A3B9-BA65B5600BC4}"
EndProject
Global
	GlobalSection(SolutionConfigurationPlatforms) = preSolution
		Debug|Any CPU = Debug|Any CPU
		Release|Any CPU = Release|Any CPU
	EndGlobalSection
	GlobalSection(SolutionProperties) = preSolution
		HideSolutionNode = FALSE
	EndGlobalSection
	GlobalSection(ProjectConfigurationPlatforms) = postSolution
		{BF323D46-036B-4653-A3B9-BA65B5600BC4}.Debug|Any CPU.ActiveCfg = Debug|Any CPU
		{BF323D46-036B-4653-A3B9-BA65B5600BC4}.Debug|Any CPU.Build.0 = Debug|Any CPU
		{BF323D46-036B-4653-A3B9-BA65B5600BC4}.Release|Any CPU.ActiveCfg = Release|Any CPU
		{BF323D46-036B-4653-A3B9-BA65B5600BC4}.Release|Any CPU.Build.0 = Release|Any CPU
	EndGlobalSection
	GlobalSection(NestedProjects) = preSolution
		{BF323D46-036B-4653-A3B9-BA65B5600BC4} = {8D98D265-A799-4A98-A8F7-80B69D26D544}
	EndGlobalSection
EndGlobal
