
Microsoft Visual Studio Solution File, Format Version 12.00
# Visual Studio Version 17
VisualStudioVersion = 17.0.31903.59
MinimumVisualStudioVersion = 10.0.40219.1
Project("{2150E333-8FDC-42A3-9474-1A3956D46DE8}") = "02_TypeAliases", "02_TypeAliases", "{8D98D265-A799-4A98-A8F7-80B69D26D544}"
EndProject
Project("{2150E333-8FDC-42A3-9474-1A3956D46DE8}") = "01_Lambdas", "01_Lambdas", "{9B874DC3-3E30-45C0-BDA7-A9350F20831B}"
EndProject
Project("{2150E333-8FDC-42A3-9474-1A3956D46DE8}") = "03_PrimaryConstructors", "03_PrimaryConstructors", "{30171EB7-0A25-4235-A8F1-251673A87581}"
EndProject
Project("{FAE04EC0-301F-11D3-BF4B-00C04F79EFBC}") = "TypeAliases.ConsoleApp", "TypeAliases.ConsoleApp\TypeAliases.ConsoleApp.csproj", "{BF323D46-036B-4653-A3B9-BA65B5600BC4}"
EndProject
Project("{FAE04EC0-301F-11D3-BF4B-00C04F79EFBC}") = "Lambdas.ConsoleApp", "Lambdas.ConsoleApp\Lambdas.ConsoleApp.csproj", "{D60ABA66-9595-4B41-9B6B-2CED27EA8905}"
EndProject
Project("{FAE04EC0-301F-11D3-BF4B-00C04F79EFBC}") = "WeatherApp.WebApi", "WeatherApp.WebApi\WeatherApp.WebApi.csproj", "{0DC66402-A97C-47B2-BED2-0E90C2C7E850}"
EndProject
Project("{FAE04EC0-301F-11D3-BF4B-00C04F79EFBC}") = "WeatherApp.Domain", "WeatherApp.Domain\WeatherApp.Domain.csproj", "{87D7DA35-807B-4BCF-8E12-2657C04BFC6D}"
EndProject
Project("{FAE04EC0-301F-11D3-BF4B-00C04F79EFBC}") = "WeatherApp.SMS", "WeatherApp.SMS\WeatherApp.SMS.csproj", "{21EA7C48-3140-438B-B06F-A16055D08156}"
EndProject
Project("{FAE04EC0-301F-11D3-BF4B-00C04F79EFBC}") = "WeatherApp.Data", "WeatherApp.Data\WeatherApp.Data.csproj", "{0D5EA2E9-398E-4574-9336-2F9282B5FA2E}"
EndProject
Global
	GlobalSection(SolutionConfigurationPlatforms) = preSolution
		Debug|Any CPU = Debug|Any CPU
		Release|Any CPU = Release|Any CPU
	EndGlobalSection
	GlobalSection(SolutionProperties) = preSolution
		HideSolutionNode = FALSE
	EndGlobalSection
	GlobalSection(ProjectConfigurationPlatforms) = postSolution
		{BF323D46-036B-4653-A3B9-BA65B5600BC4}.Debug|Any CPU.ActiveCfg = Debug|Any CPU
		{BF323D46-036B-4653-A3B9-BA65B5600BC4}.Debug|Any CPU.Build.0 = Debug|Any CPU
		{BF323D46-036B-4653-A3B9-BA65B5600BC4}.Release|Any CPU.ActiveCfg = Release|Any CPU
		{BF323D46-036B-4653-A3B9-BA65B5600BC4}.Release|Any CPU.Build.0 = Release|Any CPU
		{D60ABA66-9595-4B41-9B6B-2CED27EA8905}.Debug|Any CPU.ActiveCfg = Debug|Any CPU
		{D60ABA66-9595-4B41-9B6B-2CED27EA8905}.Debug|Any CPU.Build.0 = Debug|Any CPU
		{D60ABA66-9595-4B41-9B6B-2CED27EA8905}.Release|Any CPU.ActiveCfg = Release|Any CPU
		{D60ABA66-9595-4B41-9B6B-2CED27EA8905}.Release|Any CPU.Build.0 = Release|Any CPU
		{0DC66402-A97C-47B2-BED2-0E90C2C7E850}.Debug|Any CPU.ActiveCfg = Debug|Any CPU
		{0DC66402-A97C-47B2-BED2-0E90C2C7E850}.Debug|Any CPU.Build.0 = Debug|Any CPU
		{0DC66402-A97C-47B2-BED2-0E90C2C7E850}.Release|Any CPU.ActiveCfg = Release|Any CPU
		{0DC66402-A97C-47B2-BED2-0E90C2C7E850}.Release|Any CPU.Build.0 = Release|Any CPU
		{87D7DA35-807B-4BCF-8E12-2657C04BFC6D}.Debug|Any CPU.ActiveCfg = Debug|Any CPU
		{87D7DA35-807B-4BCF-8E12-2657C04BFC6D}.Debug|Any CPU.Build.0 = Debug|Any CPU
		{87D7DA35-807B-4BCF-8E12-2657C04BFC6D}.Release|Any CPU.ActiveCfg = Release|Any CPU
		{87D7DA35-807B-4BCF-8E12-2657C04BFC6D}.Release|Any CPU.Build.0 = Release|Any CPU
		{21EA7C48-3140-438B-B06F-A16055D08156}.Debug|Any CPU.ActiveCfg = Debug|Any CPU
		{21EA7C48-3140-438B-B06F-A16055D08156}.Debug|Any CPU.Build.0 = Debug|Any CPU
		{21EA7C48-3140-438B-B06F-A16055D08156}.Release|Any CPU.ActiveCfg = Release|Any CPU
		{21EA7C48-3140-438B-B06F-A16055D08156}.Release|Any CPU.Build.0 = Release|Any CPU
		{0D5EA2E9-398E-4574-9336-2F9282B5FA2E}.Debug|Any CPU.ActiveCfg = Debug|Any CPU
		{0D5EA2E9-398E-4574-9336-2F9282B5FA2E}.Debug|Any CPU.Build.0 = Debug|Any CPU
		{0D5EA2E9-398E-4574-9336-2F9282B5FA2E}.Release|Any CPU.ActiveCfg = Release|Any CPU
		{0D5EA2E9-398E-4574-9336-2F9282B5FA2E}.Release|Any CPU.Build.0 = Release|Any CPU
	EndGlobalSection
	GlobalSection(NestedProjects) = preSolution
		{BF323D46-036B-4653-A3B9-BA65B5600BC4} = {8D98D265-A799-4A98-A8F7-80B69D26D544}
		{D60ABA66-9595-4B41-9B6B-2CED27EA8905} = {9B874DC3-3E30-45C0-BDA7-A9350F20831B}
		{0DC66402-A97C-47B2-BED2-0E90C2C7E850} = {30171EB7-0A25-4235-A8F1-251673A87581}
		{87D7DA35-807B-4BCF-8E12-2657C04BFC6D} = {30171EB7-0A25-4235-A8F1-251673A87581}
		{21EA7C48-3140-438B-B06F-A16055D08156} = {30171EB7-0A25-4235-A8F1-251673A87581}
		{0D5EA2E9-398E-4574-9336-2F9282B5FA2E} = {30171EB7-0A25-4235-A8F1-251673A87581}
	EndGlobalSection
EndGlobal
